
Microsoft Visual Studio Solution File, Format Version 12.00
# Visual Studio Version 16
VisualStudioVersion = 16.0.31702.278
MinimumVisualStudioVersion = 10.0.40219.1
Project("{FAE04EC0-301F-11D3-BF4B-00C04F79EFBC}") = "TDMP_CGS_Launcher", "TDMP_CGS_Launcher\TDMP_CGS_Launcher.csproj", "{F2E8B63A-B4CF-4913-AB8D-D1ED704A7424}"
EndProject
Global
	GlobalSection(SolutionConfigurationPlatforms) = preSolution
		Debug|Any CPU = Debug|Any CPU
		Release|Any CPU = Release|Any CPU
	EndGlobalSection
	GlobalSection(ProjectConfigurationPlatforms) = postSolution
		{F2E8B63A-B4CF-4913-AB8D-D1ED704A7424}.Debug|Any CPU.ActiveCfg = Debug|Any CPU
		{F2E8B63A-B4CF-4913-AB8D-D1ED704A7424}.Debug|Any CPU.Build.0 = Debug|Any CPU
		{F2E8B63A-B4CF-4913-AB8D-D1ED704A7424}.Release|Any CPU.ActiveCfg = Release|Any CPU
		{F2E8B63A-B4CF-4913-AB8D-D1ED704A7424}.Release|Any CPU.Build.0 = Release|Any CPU
	EndGlobalSection
	GlobalSection(SolutionProperties) = preSolution
		HideSolutionNode = FALSE
	EndGlobalSection
	GlobalSection(ExtensibilityGlobals) = postSolution
		SolutionGuid = {E4CB1B83-D2F2-4D2A-8D99-727D9D330784}
	EndGlobalSection
EndGlobal
